
Microsoft Visual Studio Solution File, Format Version 12.00
# Visual Studio Version 16
VisualStudioVersion = 16.0.32002.261
MinimumVisualStudioVersion = 10.0.40219.1
Project("{E24C65DC-7377-472B-9ABA-BC803B73C61A}") = "AdminSystem", "AdminSystem\", "{157421EE-9D45-44EB-9290-6574686CB7FC}"
	ProjectSection(WebsiteProperties) = preProject
		TargetFrameworkMoniker = ".NETFramework,Version%3Dv4.6.1"
		Debug.AspNetCompiler.VirtualPath = "/localhost_50298"
		Debug.AspNetCompiler.PhysicalPath = "AdminSystem\"
		Debug.AspNetCompiler.TargetPath = "PrecompiledWeb\localhost_50298\"
		Debug.AspNetCompiler.Updateable = "true"
		Debug.AspNetCompiler.ForceOverwrite = "true"
		Debug.AspNetCompiler.FixedNames = "false"
		Debug.AspNetCompiler.Debug = "True"
		Release.AspNetCompiler.VirtualPath = "/localhost_50298"
		Release.AspNetCompiler.PhysicalPath = "AdminSystem\"
		Release.AspNetCompiler.TargetPath = "PrecompiledWeb\localhost_50298\"
		Release.AspNetCompiler.Updateable = "true"
		Release.AspNetCompiler.ForceOverwrite = "true"
		Release.AspNetCompiler.FixedNames = "false"
		Release.AspNetCompiler.Debug = "False"
		VWDPort = "50298"
		SlnRelativePath = "AdminSystem\"
	EndProjectSection
EndProject
Project("{FAE04EC0-301F-11D3-BF4B-00C04F79EFBC}") = "CustomerTesting", "CustomerTesting\CustomerTesting.csproj", "{B4D23C60-7C91-4696-92F8-661AC66A3153}"
EndProject
Project("{FAE04EC0-301F-11D3-BF4B-00C04F79EFBC}") = "StaffTesting", "StaffTesting\StaffTesting.csproj", "{E46E3619-077B-411E-BFBE-5B8FD820ADC6}"
EndProject
Project("{FAE04EC0-301F-11D3-BF4B-00C04F79EFBC}") = "StockTesting", "StockTesting\StockTesting.csproj", "{C5039F49-A6D1-4ADC-AE53-7CB1C0574514}"
EndProject
Project("{FAE04EC0-301F-11D3-BF4B-00C04F79EFBC}") = "SupplierTesting", "SupplierTesting\SupplierTesting.csproj", "{66DE45FB-A251-4F97-8DFD-C9C5CC69A3F0}"
EndProject
Project("{FAE04EC0-301F-11D3-BF4B-00C04F79EFBC}") = "OrderProcessingTesting", "OrderProcessingTesting\OrderProcessingTesting.csproj", "{AF5DEDBA-8EC4-4191-86FD-4D9A43152E3A}"
EndProject
Project("{FAE04EC0-301F-11D3-BF4B-00C04F79EFBC}") = "ClassLibrary", "ClassLibrary\ClassLibrary.csproj", "{88AA79D5-6912-4969-A3BA-41516852276B}"
EndProject
Global
	GlobalSection(SolutionConfigurationPlatforms) = preSolution
		Debug|Any CPU = Debug|Any CPU
		Release|Any CPU = Release|Any CPU
	EndGlobalSection
	GlobalSection(ProjectConfigurationPlatforms) = postSolution
		{157421EE-9D45-44EB-9290-6574686CB7FC}.Debug|Any CPU.ActiveCfg = Debug|Any CPU
		{157421EE-9D45-44EB-9290-6574686CB7FC}.Debug|Any CPU.Build.0 = Debug|Any CPU
		{157421EE-9D45-44EB-9290-6574686CB7FC}.Release|Any CPU.ActiveCfg = Debug|Any CPU
		{157421EE-9D45-44EB-9290-6574686CB7FC}.Release|Any CPU.Build.0 = Debug|Any CPU
		{B4D23C60-7C91-4696-92F8-661AC66A3153}.Debug|Any CPU.ActiveCfg = Debug|Any CPU
		{B4D23C60-7C91-4696-92F8-661AC66A3153}.Debug|Any CPU.Build.0 = Debug|Any CPU
		{B4D23C60-7C91-4696-92F8-661AC66A3153}.Release|Any CPU.ActiveCfg = Release|Any CPU
		{B4D23C60-7C91-4696-92F8-661AC66A3153}.Release|Any CPU.Build.0 = Release|Any CPU
		{E46E3619-077B-411E-BFBE-5B8FD820ADC6}.Debug|Any CPU.ActiveCfg = Debug|Any CPU
		{E46E3619-077B-411E-BFBE-5B8FD820ADC6}.Debug|Any CPU.Build.0 = Debug|Any CPU
		{E46E3619-077B-411E-BFBE-5B8FD820ADC6}.Release|Any CPU.ActiveCfg = Release|Any CPU
		{E46E3619-077B-411E-BFBE-5B8FD820ADC6}.Release|Any CPU.Build.0 = Release|Any CPU
		{C5039F49-A6D1-4ADC-AE53-7CB1C0574514}.Debug|Any CPU.ActiveCfg = Debug|Any CPU
		{C5039F49-A6D1-4ADC-AE53-7CB1C0574514}.Debug|Any CPU.Build.0 = Debug|Any CPU
		{C5039F49-A6D1-4ADC-AE53-7CB1C0574514}.Release|Any CPU.ActiveCfg = Release|Any CPU
		{C5039F49-A6D1-4ADC-AE53-7CB1C0574514}.Release|Any CPU.Build.0 = Release|Any CPU
		{66DE45FB-A251-4F97-8DFD-C9C5CC69A3F0}.Debug|Any CPU.ActiveCfg = Debug|Any CPU
		{66DE45FB-A251-4F97-8DFD-C9C5CC69A3F0}.Debug|Any CPU.Build.0 = Debug|Any CPU
		{66DE45FB-A251-4F97-8DFD-C9C5CC69A3F0}.Release|Any CPU.ActiveCfg = Release|Any CPU
		{66DE45FB-A251-4F97-8DFD-C9C5CC69A3F0}.Release|Any CPU.Build.0 = Release|Any CPU
		{AF5DEDBA-8EC4-4191-86FD-4D9A43152E3A}.Debug|Any CPU.ActiveCfg = Debug|Any CPU
		{AF5DEDBA-8EC4-4191-86FD-4D9A43152E3A}.Debug|Any CPU.Build.0 = Debug|Any CPU
		{AF5DEDBA-8EC4-4191-86FD-4D9A43152E3A}.Release|Any CPU.ActiveCfg = Release|Any CPU
		{AF5DEDBA-8EC4-4191-86FD-4D9A43152E3A}.Release|Any CPU.Build.0 = Release|Any CPU
		{88AA79D5-6912-4969-A3BA-41516852276B}.Debug|Any CPU.ActiveCfg = Debug|Any CPU
		{88AA79D5-6912-4969-A3BA-41516852276B}.Debug|Any CPU.Build.0 = Debug|Any CPU
		{88AA79D5-6912-4969-A3BA-41516852276B}.Release|Any CPU.ActiveCfg = Release|Any CPU
		{88AA79D5-6912-4969-A3BA-41516852276B}.Release|Any CPU.Build.0 = Release|Any CPU
	EndGlobalSection
	GlobalSection(SolutionProperties) = preSolution
		HideSolutionNode = FALSE
	EndGlobalSection
	GlobalSection(ExtensibilityGlobals) = postSolution
		SolutionGuid = {D5313024-F2AB-466B-A61D-08535D280606}
	EndGlobalSection
EndGlobal
